
Microsoft Visual Studio Solution File, Format Version 12.00
# Visual Studio Version 17
VisualStudioVersion = 17.9.34902.65
MinimumVisualStudioVersion = 10.0.40219.1
Project("{FAE04EC0-301F-11D3-BF4B-00C04F79EFBC}") = "Usuarios", "Usuarios\Usuarios.csproj", "{A5A19D53-A978-4AC9-B819-B1981FBBA11A}"
EndProject
Project("{FAE04EC0-301F-11D3-BF4B-00C04F79EFBC}") = "Acceso_datos", "Acceso_datos\Acceso_datos.csproj", "{95329804-F4DF-41AC-A224-CDDF23B3923D}"
EndProject
Global
	GlobalSection(SolutionConfigurationPlatforms) = preSolution
		Debug|Any CPU = Debug|Any CPU
		Release|Any CPU = Release|Any CPU
	EndGlobalSection
	GlobalSection(ProjectConfigurationPlatforms) = postSolution
		{A5A19D53-A978-4AC9-B819-B1981FBBA11A}.Debug|Any CPU.ActiveCfg = Debug|Any CPU
		{A5A19D53-A978-4AC9-B819-B1981FBBA11A}.Debug|Any CPU.Build.0 = Debug|Any CPU
		{A5A19D53-A978-4AC9-B819-B1981FBBA11A}.Release|Any CPU.ActiveCfg = Release|Any CPU
		{A5A19D53-A978-4AC9-B819-B1981FBBA11A}.Release|Any CPU.Build.0 = Release|Any CPU
		{95329804-F4DF-41AC-A224-CDDF23B3923D}.Debug|Any CPU.ActiveCfg = Debug|Any CPU
		{95329804-F4DF-41AC-A224-CDDF23B3923D}.Debug|Any CPU.Build.0 = Debug|Any CPU
		{95329804-F4DF-41AC-A224-CDDF23B3923D}.Release|Any CPU.ActiveCfg = Release|Any CPU
		{95329804-F4DF-41AC-A224-CDDF23B3923D}.Release|Any CPU.Build.0 = Release|Any CPU
	EndGlobalSection
	GlobalSection(SolutionProperties) = preSolution
		HideSolutionNode = FALSE
	EndGlobalSection
	GlobalSection(ExtensibilityGlobals) = postSolution
		SolutionGuid = {1B696E81-7C57-42D6-84C7-FCA4E73A5E7E}
	EndGlobalSection
EndGlobal
